
Microsoft Visual Studio Solution File, Format Version 12.00
# Visual Studio 15
VisualStudioVersion = 15.0.28307.645
MinimumVisualStudioVersion = 10.0.40219.1
Project("{8BC9CEB8-8B4A-11D0-8D11-00A0C91BC942}") = "TCPClient", "TCPClient\TCPClient.vcxproj", "{A3D2597D-5D56-4D7A-954B-81063C9B6032}"
EndProject
Global
	GlobalSection(SolutionConfigurationPlatforms) = preSolution
		Debug|x64 = Debug|x64
		Debug|x86 = Debug|x86
		Release|x64 = Release|x64
		Release|x86 = Release|x86
	EndGlobalSection
	GlobalSection(ProjectConfigurationPlatforms) = postSolution
		{A3D2597D-5D56-4D7A-954B-81063C9B6032}.Debug|x64.ActiveCfg = Debug|x64
		{A3D2597D-5D56-4D7A-954B-81063C9B6032}.Debug|x64.Build.0 = Debug|x64
		{A3D2597D-5D56-4D7A-954B-81063C9B6032}.Debug|x86.ActiveCfg = Debug|Win32
		{A3D2597D-5D56-4D7A-954B-81063C9B6032}.Debug|x86.Build.0 = Debug|Win32
		{A3D2597D-5D56-4D7A-954B-81063C9B6032}.Release|x64.ActiveCfg = Release|x64
		{A3D2597D-5D56-4D7A-954B-81063C9B6032}.Release|x64.Build.0 = Release|x64
		{A3D2597D-5D56-4D7A-954B-81063C9B6032}.Release|x86.ActiveCfg = Release|Win32
		{A3D2597D-5D56-4D7A-954B-81063C9B6032}.Release|x86.Build.0 = Release|Win32
	EndGlobalSection
	GlobalSection(SolutionProperties) = preSolution
		HideSolutionNode = FALSE
	EndGlobalSection
	GlobalSection(ExtensibilityGlobals) = postSolution
		SolutionGuid = {BB362DC4-CC4D-4E0A-8836-C846441A5197}
	EndGlobalSection
EndGlobal
